
Microsoft Visual Studio Solution File, Format Version 12.00
# Visual Studio Version 17
VisualStudioVersion = 17.9.34902.65
MinimumVisualStudioVersion = 10.0.40219.1
Project("{9A19103F-16F7-4668-BE54-9A1E7A4F7556}") = "mysqlexport", "src\mysqlexport.csproj", "{46927447-4510-4E25-9A3D-AA1C91F8DC67}"
EndProject
Global
	GlobalSection(SolutionConfigurationPlatforms) = preSolution
		Debug|Any CPU = Debug|Any CPU
		Release|Any CPU = Release|Any CPU
	EndGlobalSection
	GlobalSection(ProjectConfigurationPlatforms) = postSolution
		{46927447-4510-4E25-9A3D-AA1C91F8DC67}.Debug|Any CPU.ActiveCfg = Debug|Any CPU
		{46927447-4510-4E25-9A3D-AA1C91F8DC67}.Debug|Any CPU.Build.0 = Debug|Any CPU
		{46927447-4510-4E25-9A3D-AA1C91F8DC67}.Release|Any CPU.ActiveCfg = Release|Any CPU
		{46927447-4510-4E25-9A3D-AA1C91F8DC67}.Release|Any CPU.Build.0 = Release|Any CPU
	EndGlobalSection
	GlobalSection(SolutionProperties) = preSolution
		HideSolutionNode = FALSE
	EndGlobalSection
	GlobalSection(ExtensibilityGlobals) = postSolution
		SolutionGuid = {62BE469C-AC1F-4510-8852-6C2DA23D8A08}
	EndGlobalSection
EndGlobal
